
Microsoft Visual Studio Solution File, Format Version 12.00
# Visual Studio Version 17
VisualStudioVersion = 17.1.32210.238
MinimumVisualStudioVersion = 10.0.40219.1
Project("{9A19103F-16F7-4668-BE54-9A1E7A4F7556}") = "Academy", "Academy\Academy.csproj", "{DED29D5B-AB65-49FD-96BD-D8D58CEDEF27}"
EndProject
Project("{9A19103F-16F7-4668-BE54-9A1E7A4F7556}") = "DataLayer", "DataLayer\DataLayer.csproj", "{C85C24BC-C137-46A6-B12F-5FC9A38948DE}"
EndProject
Global
	GlobalSection(SolutionConfigurationPlatforms) = preSolution
		Debug|Any CPU = Debug|Any CPU
		Release|Any CPU = Release|Any CPU
	EndGlobalSection
	GlobalSection(ProjectConfigurationPlatforms) = postSolution
		{DED29D5B-AB65-49FD-96BD-D8D58CEDEF27}.Debug|Any CPU.ActiveCfg = Debug|Any CPU
		{DED29D5B-AB65-49FD-96BD-D8D58CEDEF27}.Debug|Any CPU.Build.0 = Debug|Any CPU
		{DED29D5B-AB65-49FD-96BD-D8D58CEDEF27}.Release|Any CPU.ActiveCfg = Release|Any CPU
		{DED29D5B-AB65-49FD-96BD-D8D58CEDEF27}.Release|Any CPU.Build.0 = Release|Any CPU
		{C85C24BC-C137-46A6-B12F-5FC9A38948DE}.Debug|Any CPU.ActiveCfg = Debug|Any CPU
		{C85C24BC-C137-46A6-B12F-5FC9A38948DE}.Debug|Any CPU.Build.0 = Debug|Any CPU
		{C85C24BC-C137-46A6-B12F-5FC9A38948DE}.Release|Any CPU.ActiveCfg = Release|Any CPU
		{C85C24BC-C137-46A6-B12F-5FC9A38948DE}.Release|Any CPU.Build.0 = Release|Any CPU
	EndGlobalSection
	GlobalSection(SolutionProperties) = preSolution
		HideSolutionNode = FALSE
	EndGlobalSection
	GlobalSection(ExtensibilityGlobals) = postSolution
		SolutionGuid = {02B7F0C3-7C23-429D-B554-59170CA27224}
	EndGlobalSection
EndGlobal
